// !$*UTF8*$!
{
	archiveVersion = 1;
	classes = {
	};
	objectVersion = 46;
	objects = {

/* Begin PBXBuildFile section */
		0D11DE921B6BE69100697EAD /* HistoryViewController.swift in Sources */ = {isa = PBXBuildFile; fileRef = 0D11DE911B6BE69100697EAD /* HistoryViewController.swift */; };
		0D11DE941B6C3F0400697EAD /* GameDetailViewController.swift in Sources */ = {isa = PBXBuildFile; fileRef = 0D11DE931B6C3F0400697EAD /* GameDetailViewController.swift */; };
		0D11DE961B6C450000697EAD /* DeckViewController.swift in Sources */ = {isa = PBXBuildFile; fileRef = 0D11DE951B6C450000697EAD /* DeckViewController.swift */; };
		0D11DE9F1B6E6C1F00697EAD /* SourceSansPro-Black.otf in Resources */ = {isa = PBXBuildFile; fileRef = 0D11DE9C1B6E6C1F00697EAD /* SourceSansPro-Black.otf */; };
		0D11DEA01B6E6C1F00697EAD /* SourceSansPro-Bold.otf in Resources */ = {isa = PBXBuildFile; fileRef = 0D11DE9D1B6E6C1F00697EAD /* SourceSansPro-Bold.otf */; };
		0D11DEA11B6E6C1F00697EAD /* SourceSansPro-Regular.otf in Resources */ = {isa = PBXBuildFile; fileRef = 0D11DE9E1B6E6C1F00697EAD /* SourceSansPro-Regular.otf */; };
		0D11DEA51B6E710200697EAD /* SourceSansPro-Semibold.otf in Resources */ = {isa = PBXBuildFile; fileRef = 0D11DEA41B6E710200697EAD /* SourceSansPro-Semibold.otf */; };
		0D17C2811BD459DF00EF8AA1 /* IntroViewController.swift in Sources */ = {isa = PBXBuildFile; fileRef = 0D17C2801BD459DF00EF8AA1 /* IntroViewController.swift */; };
		0D17C2831BD6C03D00EF8AA1 /* AboutTableViewController.swift in Sources */ = {isa = PBXBuildFile; fileRef = 0D17C2821BD6C03D00EF8AA1 /* AboutTableViewController.swift */; };
		0D17C2851BD6C87C00EF8AA1 /* MessageUI.framework in Frameworks */ = {isa = PBXBuildFile; fileRef = 0D17C2841BD6C87C00EF8AA1 /* MessageUI.framework */; };
		0D2037161B535AF30058E059 /* LeadViewController.swift in Sources */ = {isa = PBXBuildFile; fileRef = 0D2037151B535AF30058E059 /* LeadViewController.swift */; };
		0D3278E31B569D5800B58ECD /* Deck.swift in Sources */ = {isa = PBXBuildFile; fileRef = 0D3278DF1B55FC2600B58ECD /* Deck.swift */; };
		0D3278E41B569D5900B58ECD /* Deck.swift in Sources */ = {isa = PBXBuildFile; fileRef = 0D3278DF1B55FC2600B58ECD /* Deck.swift */; };
		0D3278EA1B56DB0A00B58ECD /* SeriesCell.swift in Sources */ = {isa = PBXBuildFile; fileRef = 0D3278E91B56DB0A00B58ECD /* SeriesCell.swift */; };
		0D796E031B4F52E600840211 /* Series.swift in Sources */ = {isa = PBXBuildFile; fileRef = 0D796E021B4F52E600840211 /* Series.swift */; };
		0D796E041B4F52E600840211 /* Series.swift in Sources */ = {isa = PBXBuildFile; fileRef = 0D796E021B4F52E600840211 /* Series.swift */; };
		0D796E061B4F556300840211 /* Game.swift in Sources */ = {isa = PBXBuildFile; fileRef = 0D796E051B4F556300840211 /* Game.swift */; };
		0D796E071B4F556300840211 /* Game.swift in Sources */ = {isa = PBXBuildFile; fileRef = 0D796E051B4F556300840211 /* Game.swift */; };
		0D796E091B51567100840211 /* winCircle.swift in Sources */ = {isa = PBXBuildFile; fileRef = 0D796E081B51567100840211 /* winCircle.swift */; };
		0D796E0A1B51567100840211 /* winCircle.swift in Sources */ = {isa = PBXBuildFile; fileRef = 0D796E081B51567100840211 /* winCircle.swift */; };
		0D796E0C1B51FB6500840211 /* TurnCell.swift in Sources */ = {isa = PBXBuildFile; fileRef = 0D796E0B1B51FB6500840211 /* TurnCell.swift */; };
		0D796E0D1B51FB6500840211 /* TurnCell.swift in Sources */ = {isa = PBXBuildFile; fileRef = 0D796E0B1B51FB6500840211 /* TurnCell.swift */; };
		0D7ED9D51B4B387700A6C2B0 /* AppDelegate.swift in Sources */ = {isa = PBXBuildFile; fileRef = 0D7ED9D41B4B387700A6C2B0 /* AppDelegate.swift */; };
		0D7ED9D71B4B387700A6C2B0 /* GameViewController.swift in Sources */ = {isa = PBXBuildFile; fileRef = 0D7ED9D61B4B387700A6C2B0 /* GameViewController.swift */; };
		0D7ED9DA1B4B387700A6C2B0 /* Main.storyboard in Resources */ = {isa = PBXBuildFile; fileRef = 0D7ED9D81B4B387700A6C2B0 /* Main.storyboard */; };
		0D7ED9DC1B4B387700A6C2B0 /* Assets.xcassets in Resources */ = {isa = PBXBuildFile; fileRef = 0D7ED9DB1B4B387700A6C2B0 /* Assets.xcassets */; };
		0D7ED9DF1B4B387700A6C2B0 /* LaunchScreen.storyboard in Resources */ = {isa = PBXBuildFile; fileRef = 0D7ED9DD1B4B387700A6C2B0 /* LaunchScreen.storyboard */; };
		0D7ED9EA1B4B387700A6C2B0 /* ConjureTests.swift in Sources */ = {isa = PBXBuildFile; fileRef = 0D7ED9E91B4B387700A6C2B0 /* ConjureTests.swift */; };
		0D7ED9F51B4B387700A6C2B0 /* ConjureUITests.swift in Sources */ = {isa = PBXBuildFile; fileRef = 0D7ED9F41B4B387700A6C2B0 /* ConjureUITests.swift */; };
		0D7EDA031B4B38D900A6C2B0 /* LifeCounter.swift in Sources */ = {isa = PBXBuildFile; fileRef = 0D7EDA021B4B38D900A6C2B0 /* LifeCounter.swift */; };
		0DA3BC791BCBF15F00371F1B /* PurchaseBanner.swift in Sources */ = {isa = PBXBuildFile; fileRef = 0DA3BC781BCBF15F00371F1B /* PurchaseBanner.swift */; };
		0DA933841BCFF30900DCB3FC /* StoreKit.framework in Frameworks */ = {isa = PBXBuildFile; fileRef = 0DA933831BCFF30900DCB3FC /* StoreKit.framework */; };
		0DD5D36E1BB9FFEA00CF1C0B /* ThemeViewController.swift in Sources */ = {isa = PBXBuildFile; fileRef = 0DD5D36D1BB9FFEA00CF1C0B /* ThemeViewController.swift */; };
		0DD5D3701BBA236E00CF1C0B /* ThemeTableViewController.swift in Sources */ = {isa = PBXBuildFile; fileRef = 0DD5D36F1BBA236E00CF1C0B /* ThemeTableViewController.swift */; };
		0DD5D3721BBB01C500CF1C0B /* BigButton.swift in Sources */ = {isa = PBXBuildFile; fileRef = 0DD5D3711BBB01C500CF1C0B /* BigButton.swift */; };
		0DD5D3741BBD881B00CF1C0B /* HeaderView.swift in Sources */ = {isa = PBXBuildFile; fileRef = 0DD5D3731BBD881B00CF1C0B /* HeaderView.swift */; };
		0DD5D3761BC3004F00CF1C0B /* DeckNotesViewController.swift in Sources */ = {isa = PBXBuildFile; fileRef = 0DD5D3751BC3004F00CF1C0B /* DeckNotesViewController.swift */; };
		0DDFC71D1B5A85A100DAB4DB /* DeckDetailViewController.swift in Sources */ = {isa = PBXBuildFile; fileRef = 0DDFC71C1B5A85A100DAB4DB /* DeckDetailViewController.swift */; };
		0DF8F8561B4EFA08000C6AF6 /* GameHeader.swift in Sources */ = {isa = PBXBuildFile; fileRef = 0DF8F8551B4EFA08000C6AF6 /* GameHeader.swift */; };
		29B06F921B8FA36A005D3BE1 /* SettingsDetailTableViewController.swift in Sources */ = {isa = PBXBuildFile; fileRef = 29B06F911B8FA36A005D3BE1 /* SettingsDetailTableViewController.swift */; settings = {ASSET_TAGS = (); }; };
		29B06F931B8FA57C005D3BE1 /* SettingsTableViewController.swift in Sources */ = {isa = PBXBuildFile; fileRef = 0DC448D11B8EC5EE00DDA93A /* SettingsTableViewController.swift */; };
/* End PBXBuildFile section */

/* Begin PBXContainerItemProxy section */
		0D7ED9E61B4B387700A6C2B0 /* PBXContainerItemProxy */ = {
			isa = PBXContainerItemProxy;
			containerPortal = 0D7ED9C91B4B387600A6C2B0 /* Project object */;
			proxyType = 1;
			remoteGlobalIDString = 0D7ED9D01B4B387700A6C2B0;
			remoteInfo = Conjure;
		};
		0D7ED9F11B4B387700A6C2B0 /* PBXContainerItemProxy */ = {
			isa = PBXContainerItemProxy;
			containerPortal = 0D7ED9C91B4B387600A6C2B0 /* Project object */;
			proxyType = 1;
			remoteGlobalIDString = 0D7ED9D01B4B387700A6C2B0;
			remoteInfo = Conjure;
		};
/* End PBXContainerItemProxy section */

/* Begin PBXFileReference section */
		0D11DE911B6BE69100697EAD /* HistoryViewController.swift */ = {isa = PBXFileReference; fileEncoding = 4; lastKnownFileType = sourcecode.swift; path = HistoryViewController.swift; sourceTree = "<group>"; };
		0D11DE931B6C3F0400697EAD /* GameDetailViewController.swift */ = {isa = PBXFileReference; fileEncoding = 4; lastKnownFileType = sourcecode.swift; path = GameDetailViewController.swift; sourceTree = "<group>"; };
		0D11DE951B6C450000697EAD /* DeckViewController.swift */ = {isa = PBXFileReference; fileEncoding = 4; lastKnownFileType = sourcecode.swift; path = DeckViewController.swift; sourceTree = "<group>"; };
		0D11DE9C1B6E6C1F00697EAD /* SourceSansPro-Black.otf */ = {isa = PBXFileReference; lastKnownFileType = file; name = "SourceSansPro-Black.otf"; path = "../../../Resources/SourceSansPro-Black.otf"; sourceTree = "<group>"; };
		0D11DE9D1B6E6C1F00697EAD /* SourceSansPro-Bold.otf */ = {isa = PBXFileReference; lastKnownFileType = file; name = "SourceSansPro-Bold.otf"; path = "../../../Resources/SourceSansPro-Bold.otf"; sourceTree = "<group>"; };
		0D11DE9E1B6E6C1F00697EAD /* SourceSansPro-Regular.otf */ = {isa = PBXFileReference; lastKnownFileType = file; name = "SourceSansPro-Regular.otf"; path = "../../../Resources/SourceSansPro-Regular.otf"; sourceTree = "<group>"; };
		0D11DEA41B6E710200697EAD /* SourceSansPro-Semibold.otf */ = {isa = PBXFileReference; lastKnownFileType = file; name = "SourceSansPro-Semibold.otf"; path = "../../../../../Documents/Fonts/Source Sans Pro/SourceSansPro-Semibold.otf"; sourceTree = "<group>"; };
		0D17C2801BD459DF00EF8AA1 /* IntroViewController.swift */ = {isa = PBXFileReference; fileEncoding = 4; lastKnownFileType = sourcecode.swift; path = IntroViewController.swift; sourceTree = "<group>"; };
		0D17C2821BD6C03D00EF8AA1 /* AboutTableViewController.swift */ = {isa = PBXFileReference; fileEncoding = 4; lastKnownFileType = sourcecode.swift; path = AboutTableViewController.swift; sourceTree = "<group>"; };
		0D17C2841BD6C87C00EF8AA1 /* MessageUI.framework */ = {isa = PBXFileReference; lastKnownFileType = wrapper.framework; name = MessageUI.framework; path = System/Library/Frameworks/MessageUI.framework; sourceTree = SDKROOT; };
		0D2037151B535AF30058E059 /* LeadViewController.swift */ = {isa = PBXFileReference; fileEncoding = 4; lastKnownFileType = sourcecode.swift; path = LeadViewController.swift; sourceTree = "<group>"; };
		0D3278DF1B55FC2600B58ECD /* Deck.swift */ = {isa = PBXFileReference; fileEncoding = 4; lastKnownFileType = sourcecode.swift; path = Deck.swift; sourceTree = "<group>"; };
		0D3278E91B56DB0A00B58ECD /* SeriesCell.swift */ = {isa = PBXFileReference; fileEncoding = 4; lastKnownFileType = sourcecode.swift; path = SeriesCell.swift; sourceTree = "<group>"; };
		0D796E021B4F52E600840211 /* Series.swift */ = {isa = PBXFileReference; fileEncoding = 4; lastKnownFileType = sourcecode.swift; path = Series.swift; sourceTree = "<group>"; };
		0D796E051B4F556300840211 /* Game.swift */ = {isa = PBXFileReference; fileEncoding = 4; lastKnownFileType = sourcecode.swift; path = Game.swift; sourceTree = "<group>"; };
		0D796E081B51567100840211 /* winCircle.swift */ = {isa = PBXFileReference; fileEncoding = 4; lastKnownFileType = sourcecode.swift; path = winCircle.swift; sourceTree = "<group>"; };
		0D796E0B1B51FB6500840211 /* TurnCell.swift */ = {isa = PBXFileReference; fileEncoding = 4; lastKnownFileType = sourcecode.swift; path = TurnCell.swift; sourceTree = "<group>"; };
		0D7ED9D11B4B387700A6C2B0 /* Conjure.app */ = {isa = PBXFileReference; explicitFileType = wrapper.application; includeInIndex = 0; path = Conjure.app; sourceTree = BUILT_PRODUCTS_DIR; };
		0D7ED9D41B4B387700A6C2B0 /* AppDelegate.swift */ = {isa = PBXFileReference; lastKnownFileType = sourcecode.swift; path = AppDelegate.swift; sourceTree = "<group>"; };
		0D7ED9D61B4B387700A6C2B0 /* GameViewController.swift */ = {isa = PBXFileReference; lastKnownFileType = sourcecode.swift; path = GameViewController.swift; sourceTree = "<group>"; };
		0D7ED9D91B4B387700A6C2B0 /* Base */ = {isa = PBXFileReference; lastKnownFileType = file.storyboard; name = Base; path = Base.lproj/Main.storyboard; sourceTree = "<group>"; };
		0D7ED9DB1B4B387700A6C2B0 /* Assets.xcassets */ = {isa = PBXFileReference; lastKnownFileType = folder.assetcatalog; path = Assets.xcassets; sourceTree = "<group>"; };
		0D7ED9DE1B4B387700A6C2B0 /* Base */ = {isa = PBXFileReference; lastKnownFileType = file.storyboard; name = Base; path = Base.lproj/LaunchScreen.storyboard; sourceTree = "<group>"; };
		0D7ED9E01B4B387700A6C2B0 /* Info.plist */ = {isa = PBXFileReference; lastKnownFileType = text.plist.xml; path = Info.plist; sourceTree = "<group>"; };
		0D7ED9E51B4B387700A6C2B0 /* ConjureTests.xctest */ = {isa = PBXFileReference; explicitFileType = wrapper.cfbundle; includeInIndex = 0; path = ConjureTests.xctest; sourceTree = BUILT_PRODUCTS_DIR; };
		0D7ED9E91B4B387700A6C2B0 /* ConjureTests.swift */ = {isa = PBXFileReference; lastKnownFileType = sourcecode.swift; path = ConjureTests.swift; sourceTree = "<group>"; };
		0D7ED9EB1B4B387700A6C2B0 /* Info.plist */ = {isa = PBXFileReference; lastKnownFileType = text.plist.xml; path = Info.plist; sourceTree = "<group>"; };
		0D7ED9F01B4B387700A6C2B0 /* ConjureUITests.xctest */ = {isa = PBXFileReference; explicitFileType = wrapper.cfbundle; includeInIndex = 0; path = ConjureUITests.xctest; sourceTree = BUILT_PRODUCTS_DIR; };
		0D7ED9F41B4B387700A6C2B0 /* ConjureUITests.swift */ = {isa = PBXFileReference; lastKnownFileType = sourcecode.swift; path = ConjureUITests.swift; sourceTree = "<group>"; };
		0D7ED9F61B4B387700A6C2B0 /* Info.plist */ = {isa = PBXFileReference; lastKnownFileType = text.plist.xml; path = Info.plist; sourceTree = "<group>"; };
		0D7EDA021B4B38D900A6C2B0 /* LifeCounter.swift */ = {isa = PBXFileReference; fileEncoding = 4; lastKnownFileType = sourcecode.swift; path = LifeCounter.swift; sourceTree = "<group>"; };
		0DA3BC781BCBF15F00371F1B /* PurchaseBanner.swift */ = {isa = PBXFileReference; fileEncoding = 4; lastKnownFileType = sourcecode.swift; path = PurchaseBanner.swift; sourceTree = "<group>"; };
		0DA933831BCFF30900DCB3FC /* StoreKit.framework */ = {isa = PBXFileReference; lastKnownFileType = wrapper.framework; name = StoreKit.framework; path = System/Library/Frameworks/StoreKit.framework; sourceTree = SDKROOT; };
		0DC448D11B8EC5EE00DDA93A /* SettingsTableViewController.swift */ = {isa = PBXFileReference; fileEncoding = 4; lastKnownFileType = sourcecode.swift; path = SettingsTableViewController.swift; sourceTree = "<group>"; };
		0DD5D36D1BB9FFEA00CF1C0B /* ThemeViewController.swift */ = {isa = PBXFileReference; fileEncoding = 4; lastKnownFileType = sourcecode.swift; path = ThemeViewController.swift; sourceTree = "<group>"; };
		0DD5D36F1BBA236E00CF1C0B /* ThemeTableViewController.swift */ = {isa = PBXFileReference; fileEncoding = 4; lastKnownFileType = sourcecode.swift; path = ThemeTableViewController.swift; sourceTree = "<group>"; };
		0DD5D3711BBB01C500CF1C0B /* BigButton.swift */ = {isa = PBXFileReference; fileEncoding = 4; lastKnownFileType = sourcecode.swift; path = BigButton.swift; sourceTree = "<group>"; };
		0DD5D3731BBD881B00CF1C0B /* HeaderView.swift */ = {isa = PBXFileReference; fileEncoding = 4; lastKnownFileType = sourcecode.swift; path = HeaderView.swift; sourceTree = "<group>"; };
		0DD5D3751BC3004F00CF1C0B /* DeckNotesViewController.swift */ = {isa = PBXFileReference; fileEncoding = 4; lastKnownFileType = sourcecode.swift; path = DeckNotesViewController.swift; sourceTree = "<group>"; };
		0DDFC71C1B5A85A100DAB4DB /* DeckDetailViewController.swift */ = {isa = PBXFileReference; fileEncoding = 4; lastKnownFileType = sourcecode.swift; path = DeckDetailViewController.swift; sourceTree = "<group>"; };
		0DF8F8551B4EFA08000C6AF6 /* GameHeader.swift */ = {isa = PBXFileReference; fileEncoding = 4; lastKnownFileType = sourcecode.swift; path = GameHeader.swift; sourceTree = "<group>"; };
		29B06F911B8FA36A005D3BE1 /* SettingsDetailTableViewController.swift */ = {isa = PBXFileReference; fileEncoding = 4; lastKnownFileType = sourcecode.swift; path = SettingsDetailTableViewController.swift; sourceTree = "<group>"; };
/* End PBXFileReference section */

/* Begin PBXFrameworksBuildPhase section */
		0D7ED9CE1B4B387700A6C2B0 /* Frameworks */ = {
			isa = PBXFrameworksBuildPhase;
			buildActionMask = 2147483647;
			files = (
				0D17C2851BD6C87C00EF8AA1 /* MessageUI.framework in Frameworks */,
				0DA933841BCFF30900DCB3FC /* StoreKit.framework in Frameworks */,
			);
			runOnlyForDeploymentPostprocessing = 0;
		};
		0D7ED9E21B4B387700A6C2B0 /* Frameworks */ = {
			isa = PBXFrameworksBuildPhase;
			buildActionMask = 2147483647;
			files = (
			);
			runOnlyForDeploymentPostprocessing = 0;
		};
		0D7ED9ED1B4B387700A6C2B0 /* Frameworks */ = {
			isa = PBXFrameworksBuildPhase;
			buildActionMask = 2147483647;
			files = (
			);
			runOnlyForDeploymentPostprocessing = 0;
		};
/* End PBXFrameworksBuildPhase section */

/* Begin PBXGroup section */
		0D11DE9B1B6D84F700697EAD /* Resources */ = {
			isa = PBXGroup;
			children = (
				0D11DEA41B6E710200697EAD /* SourceSansPro-Semibold.otf */,
				0D11DE9C1B6E6C1F00697EAD /* SourceSansPro-Black.otf */,
				0D11DE9D1B6E6C1F00697EAD /* SourceSansPro-Bold.otf */,
				0D11DE9E1B6E6C1F00697EAD /* SourceSansPro-Regular.otf */,
			);
			name = Resources;
			sourceTree = "<group>";
		};
		0D3278E71B56D8DF00B58ECD /* Game Classes */ = {
			isa = PBXGroup;
			children = (
				0D796E021B4F52E600840211 /* Series.swift */,
				0D3278DF1B55FC2600B58ECD /* Deck.swift */,
				0D796E051B4F556300840211 /* Game.swift */,
			);
			name = "Game Classes";
			sourceTree = "<group>";
		};
		0D3278E81B56D8FC00B58ECD /* ViewControllers */ = {
			isa = PBXGroup;
			children = (
				0D17C2801BD459DF00EF8AA1 /* IntroViewController.swift */,
				0D2037151B535AF30058E059 /* LeadViewController.swift */,
				0D7ED9D61B4B387700A6C2B0 /* GameViewController.swift */,
				0D11DE951B6C450000697EAD /* DeckViewController.swift */,
				0DDFC71C1B5A85A100DAB4DB /* DeckDetailViewController.swift */,
				0DD5D3751BC3004F00CF1C0B /* DeckNotesViewController.swift */,
				0D11DE911B6BE69100697EAD /* HistoryViewController.swift */,
				0D11DE931B6C3F0400697EAD /* GameDetailViewController.swift */,
				0DC448D11B8EC5EE00DDA93A /* SettingsTableViewController.swift */,
				29B06F911B8FA36A005D3BE1 /* SettingsDetailTableViewController.swift */,
				0D17C2821BD6C03D00EF8AA1 /* AboutTableViewController.swift */,
				0DD5D36D1BB9FFEA00CF1C0B /* ThemeViewController.swift */,
				0DD5D36F1BBA236E00CF1C0B /* ThemeTableViewController.swift */,
			);
			name = ViewControllers;
			sourceTree = "<group>";
		};
		0D7ED9C81B4B387600A6C2B0 = {
			isa = PBXGroup;
			children = (
				0D17C2841BD6C87C00EF8AA1 /* MessageUI.framework */,
				0DA933831BCFF30900DCB3FC /* StoreKit.framework */,
				0D7ED9D31B4B387700A6C2B0 /* Conjure */,
				0D7ED9E81B4B387700A6C2B0 /* ConjureTests */,
				0D7ED9F31B4B387700A6C2B0 /* ConjureUITests */,
				0D7ED9D21B4B387700A6C2B0 /* Products */,
			);
			sourceTree = "<group>";
		};
		0D7ED9D21B4B387700A6C2B0 /* Products */ = {
			isa = PBXGroup;
			children = (
				0D7ED9D11B4B387700A6C2B0 /* Conjure.app */,
				0D7ED9E51B4B387700A6C2B0 /* ConjureTests.xctest */,
				0D7ED9F01B4B387700A6C2B0 /* ConjureUITests.xctest */,
			);
			name = Products;
			sourceTree = "<group>";
		};
		0D7ED9D31B4B387700A6C2B0 /* Conjure */ = {
			isa = PBXGroup;
			children = (
				0D11DE9B1B6D84F700697EAD /* Resources */,
				0D3278E81B56D8FC00B58ECD /* ViewControllers */,
				0D3278E71B56D8DF00B58ECD /* Game Classes */,
				0D7ED9D41B4B387700A6C2B0 /* AppDelegate.swift */,
				0D796E0B1B51FB6500840211 /* TurnCell.swift */,
				0D3278E91B56DB0A00B58ECD /* SeriesCell.swift */,
				0D7EDA021B4B38D900A6C2B0 /* LifeCounter.swift */,
				0DF8F8551B4EFA08000C6AF6 /* GameHeader.swift */,
				0DD5D3711BBB01C500CF1C0B /* BigButton.swift */,
				0DD5D3731BBD881B00CF1C0B /* HeaderView.swift */,
				0D796E081B51567100840211 /* winCircle.swift */,
				0DA3BC781BCBF15F00371F1B /* PurchaseBanner.swift */,
				0D7ED9D81B4B387700A6C2B0 /* Main.storyboard */,
				0D7ED9DB1B4B387700A6C2B0 /* Assets.xcassets */,
				0D7ED9DD1B4B387700A6C2B0 /* LaunchScreen.storyboard */,
				0D7ED9E01B4B387700A6C2B0 /* Info.plist */,
			);
			path = Conjure;
			sourceTree = "<group>";
		};
		0D7ED9E81B4B387700A6C2B0 /* ConjureTests */ = {
			isa = PBXGroup;
			children = (
				0D7ED9E91B4B387700A6C2B0 /* ConjureTests.swift */,
				0D7ED9EB1B4B387700A6C2B0 /* Info.plist */,
			);
			path = ConjureTests;
			sourceTree = "<group>";
		};
		0D7ED9F31B4B387700A6C2B0 /* ConjureUITests */ = {
			isa = PBXGroup;
			children = (
				0D7ED9F41B4B387700A6C2B0 /* ConjureUITests.swift */,
				0D7ED9F61B4B387700A6C2B0 /* Info.plist */,
			);
			path = ConjureUITests;
			sourceTree = "<group>";
		};
/* End PBXGroup section */

/* Begin PBXNativeTarget section */
		0D7ED9D01B4B387700A6C2B0 /* Conjure */ = {
			isa = PBXNativeTarget;
			buildConfigurationList = 0D7ED9F91B4B387700A6C2B0 /* Build configuration list for PBXNativeTarget "Conjure" */;
			buildPhases = (
				0D7ED9CD1B4B387700A6C2B0 /* Sources */,
				0D7ED9CE1B4B387700A6C2B0 /* Frameworks */,
				0D7ED9CF1B4B387700A6C2B0 /* Resources */,
			);
			buildRules = (
			);
			dependencies = (
			);
			name = Conjure;
			productName = Conjure;
			productReference = 0D7ED9D11B4B387700A6C2B0 /* Conjure.app */;
			productType = "com.apple.product-type.application";
		};
		0D7ED9E41B4B387700A6C2B0 /* ConjureTests */ = {
			isa = PBXNativeTarget;
			buildConfigurationList = 0D7ED9FC1B4B387700A6C2B0 /* Build configuration list for PBXNativeTarget "ConjureTests" */;
			buildPhases = (
				0D7ED9E11B4B387700A6C2B0 /* Sources */,
				0D7ED9E21B4B387700A6C2B0 /* Frameworks */,
				0D7ED9E31B4B387700A6C2B0 /* Resources */,
			);
			buildRules = (
			);
			dependencies = (
				0D7ED9E71B4B387700A6C2B0 /* PBXTargetDependency */,
			);
			name = ConjureTests;
			productName = ConjureTests;
			productReference = 0D7ED9E51B4B387700A6C2B0 /* ConjureTests.xctest */;
			productType = "com.apple.product-type.bundle.unit-test";
		};
		0D7ED9EF1B4B387700A6C2B0 /* ConjureUITests */ = {
			isa = PBXNativeTarget;
			buildConfigurationList = 0D7ED9FF1B4B387700A6C2B0 /* Build configuration list for PBXNativeTarget "ConjureUITests" */;
			buildPhases = (
				0D7ED9EC1B4B387700A6C2B0 /* Sources */,
				0D7ED9ED1B4B387700A6C2B0 /* Frameworks */,
				0D7ED9EE1B4B387700A6C2B0 /* Resources */,
			);
			buildRules = (
			);
			dependencies = (
				0D7ED9F21B4B387700A6C2B0 /* PBXTargetDependency */,
			);
			name = ConjureUITests;
			productName = ConjureUITests;
			productReference = 0D7ED9F01B4B387700A6C2B0 /* ConjureUITests.xctest */;
			productType = "com.apple.product-type.bundle.ui-testing";
		};
/* End PBXNativeTarget section */

/* Begin PBXProject section */
		0D7ED9C91B4B387600A6C2B0 /* Project object */ = {
			isa = PBXProject;
			attributes = {
				LastUpgradeCheck = 0700;
				ORGANIZATIONNAME = "Luke Patton";
				TargetAttributes = {
					0D7ED9D01B4B387700A6C2B0 = {
						CreatedOnToolsVersion = 7.0;
						DevelopmentTeam = BER6AW8TB5;
						SystemCapabilities = {
							com.apple.InAppPurchase = {
								enabled = 1;
							};
						};
					};
					0D7ED9E41B4B387700A6C2B0 = {
						CreatedOnToolsVersion = 7.0;
						TestTargetID = 0D7ED9D01B4B387700A6C2B0;
					};
					0D7ED9EF1B4B387700A6C2B0 = {
						CreatedOnToolsVersion = 7.0;
						TestTargetID = 0D7ED9D01B4B387700A6C2B0;
					};
				};
			};
			buildConfigurationList = 0D7ED9CC1B4B387600A6C2B0 /* Build configuration list for PBXProject "Conjure" */;
			compatibilityVersion = "Xcode 3.2";
			developmentRegion = English;
			hasScannedForEncodings = 0;
			knownRegions = (
				en,
				Base,
			);
			mainGroup = 0D7ED9C81B4B387600A6C2B0;
			productRefGroup = 0D7ED9D21B4B387700A6C2B0 /* Products */;
			projectDirPath = "";
			projectRoot = "";
			targets = (
				0D7ED9D01B4B387700A6C2B0 /* Conjure */,
				0D7ED9E41B4B387700A6C2B0 /* ConjureTests */,
				0D7ED9EF1B4B387700A6C2B0 /* ConjureUITests */,
			);
		};
/* End PBXProject section */

/* Begin PBXResourcesBuildPhase section */
		0D7ED9CF1B4B387700A6C2B0 /* Resources */ = {
			isa = PBXResourcesBuildPhase;
			buildActionMask = 2147483647;
			files = (
				0D11DEA51B6E710200697EAD /* SourceSansPro-Semibold.otf in Resources */,
				0D11DEA01B6E6C1F00697EAD /* SourceSansPro-Bold.otf in Resources */,
				0D11DE9F1B6E6C1F00697EAD /* SourceSansPro-Black.otf in Resources */,
				0D7ED9DF1B4B387700A6C2B0 /* LaunchScreen.storyboard in Resources */,
				0D7ED9DC1B4B387700A6C2B0 /* Assets.xcassets in Resources */,
				0D11DEA11B6E6C1F00697EAD /* SourceSansPro-Regular.otf in Resources */,
				0D7ED9DA1B4B387700A6C2B0 /* Main.storyboard in Resources */,
			);
			runOnlyForDeploymentPostprocessing = 0;
		};
		0D7ED9E31B4B387700A6C2B0 /* Resources */ = {
			isa = PBXResourcesBuildPhase;
			buildActionMask = 2147483647;
			files = (
			);
			runOnlyForDeploymentPostprocessing = 0;
		};
		0D7ED9EE1B4B387700A6C2B0 /* Resources */ = {
			isa = PBXResourcesBuildPhase;
			buildActionMask = 2147483647;
			files = (
			);
			runOnlyForDeploymentPostprocessing = 0;
		};
/* End PBXResourcesBuildPhase section */

/* Begin PBXSourcesBuildPhase section */
		0D7ED9CD1B4B387700A6C2B0 /* Sources */ = {
			isa = PBXSourcesBuildPhase;
			buildActionMask = 2147483647;
			files = (
				29B06F931B8FA57C005D3BE1 /* SettingsTableViewController.swift in Sources */,
				0D17C2831BD6C03D00EF8AA1 /* AboutTableViewController.swift in Sources */,
				0D7ED9D71B4B387700A6C2B0 /* GameViewController.swift in Sources */,
				0D796E061B4F556300840211 /* Game.swift in Sources */,
				0D3278EA1B56DB0A00B58ECD /* SeriesCell.swift in Sources */,
				0DD5D3701BBA236E00CF1C0B /* ThemeTableViewController.swift in Sources */,
				0D3278E31B569D5800B58ECD /* Deck.swift in Sources */,
				0D11DE941B6C3F0400697EAD /* GameDetailViewController.swift in Sources */,
				0DD5D36E1BB9FFEA00CF1C0B /* ThemeViewController.swift in Sources */,
				0DD5D3721BBB01C500CF1C0B /* BigButton.swift in Sources */,
				0D11DE961B6C450000697EAD /* DeckViewController.swift in Sources */,
				29B06F921B8FA36A005D3BE1 /* SettingsDetailTableViewController.swift in Sources */,
				0D796E0C1B51FB6500840211 /* TurnCell.swift in Sources */,
				0DA3BC791BCBF15F00371F1B /* PurchaseBanner.swift in Sources */,
				0D7ED9D51B4B387700A6C2B0 /* AppDelegate.swift in Sources */,
				0DD5D3761BC3004F00CF1C0B /* DeckNotesViewController.swift in Sources */,
				0DD5D3741BBD881B00CF1C0B /* HeaderView.swift in Sources */,
				0D11DE921B6BE69100697EAD /* HistoryViewController.swift in Sources */,
				0D2037161B535AF30058E059 /* LeadViewController.swift in Sources */,
				0DF8F8561B4EFA08000C6AF6 /* GameHeader.swift in Sources */,
				0D17C2811BD459DF00EF8AA1 /* IntroViewController.swift in Sources */,
				0D796E091B51567100840211 /* winCircle.swift in Sources */,
				0DDFC71D1B5A85A100DAB4DB /* DeckDetailViewController.swift in Sources */,
				0D7EDA031B4B38D900A6C2B0 /* LifeCounter.swift in Sources */,
				0D796E031B4F52E600840211 /* Series.swift in Sources */,
			);
			runOnlyForDeploymentPostprocessing = 0;
		};
		0D7ED9E11B4B387700A6C2B0 /* Sources */ = {
			isa = PBXSourcesBuildPhase;
			buildActionMask = 2147483647;
			files = (
				0D3278E41B569D5900B58ECD /* Deck.swift in Sources */,
				0D796E0D1B51FB6500840211 /* TurnCell.swift in Sources */,
				0D796E041B4F52E600840211 /* Series.swift in Sources */,
				0D796E071B4F556300840211 /* Game.swift in Sources */,
				0D796E0A1B51567100840211 /* winCircle.swift in Sources */,
				0D7ED9EA1B4B387700A6C2B0 /* ConjureTests.swift in Sources */,
			);
			runOnlyForDeploymentPostprocessing = 0;
		};
		0D7ED9EC1B4B387700A6C2B0 /* Sources */ = {
			isa = PBXSourcesBuildPhase;
			buildActionMask = 2147483647;
			files = (
				0D7ED9F51B4B387700A6C2B0 /* ConjureUITests.swift in Sources */,
			);
			runOnlyForDeploymentPostprocessing = 0;
		};
/* End PBXSourcesBuildPhase section */

/* Begin PBXTargetDependency section */
		0D7ED9E71B4B387700A6C2B0 /* PBXTargetDependency */ = {
			isa = PBXTargetDependency;
			target = 0D7ED9D01B4B387700A6C2B0 /* Conjure */;
			targetProxy = 0D7ED9E61B4B387700A6C2B0 /* PBXContainerItemProxy */;
		};
		0D7ED9F21B4B387700A6C2B0 /* PBXTargetDependency */ = {
			isa = PBXTargetDependency;
			target = 0D7ED9D01B4B387700A6C2B0 /* Conjure */;
			targetProxy = 0D7ED9F11B4B387700A6C2B0 /* PBXContainerItemProxy */;
		};
/* End PBXTargetDependency section */

/* Begin PBXVariantGroup section */
		0D7ED9D81B4B387700A6C2B0 /* Main.storyboard */ = {
			isa = PBXVariantGroup;
			children = (
				0D7ED9D91B4B387700A6C2B0 /* Base */,
			);
			name = Main.storyboard;
			sourceTree = "<group>";
		};
		0D7ED9DD1B4B387700A6C2B0 /* LaunchScreen.storyboard */ = {
			isa = PBXVariantGroup;
			children = (
				0D7ED9DE1B4B387700A6C2B0 /* Base */,
			);
			name = LaunchScreen.storyboard;
			sourceTree = "<group>";
		};
/* End PBXVariantGroup section */

/* Begin XCBuildConfiguration section */
		0D7ED9F71B4B387700A6C2B0 /* Debug */ = {
			isa = XCBuildConfiguration;
			buildSettings = {
				ALWAYS_SEARCH_USER_PATHS = NO;
				CLANG_CXX_LANGUAGE_STANDARD = "gnu++0x";
				CLANG_CXX_LIBRARY = "libc++";
				CLANG_ENABLE_MODULES = YES;
				CLANG_ENABLE_OBJC_ARC = YES;
				CLANG_WARN_BOOL_CONVERSION = YES;
				CLANG_WARN_CONSTANT_CONVERSION = YES;
				CLANG_WARN_DIRECT_OBJC_ISA_USAGE = YES_ERROR;
				CLANG_WARN_EMPTY_BODY = YES;
				CLANG_WARN_ENUM_CONVERSION = YES;
				CLANG_WARN_INT_CONVERSION = YES;
				CLANG_WARN_OBJC_ROOT_CLASS = YES_ERROR;
				CLANG_WARN_UNREACHABLE_CODE = YES;
				CLANG_WARN__DUPLICATE_METHOD_MATCH = YES;
				"CODE_SIGN_IDENTITY[sdk=iphoneos*]" = "iPhone Developer";
				COPY_PHASE_STRIP = NO;
				DEBUG_INFORMATION_FORMAT = dwarf;
				ENABLE_STRICT_OBJC_MSGSEND = YES;
				ENABLE_TESTABILITY = YES;
				GCC_C_LANGUAGE_STANDARD = gnu99;
				GCC_DYNAMIC_NO_PIC = NO;
				GCC_NO_COMMON_BLOCKS = YES;
				GCC_OPTIMIZATION_LEVEL = 0;
				GCC_PREPROCESSOR_DEFINITIONS = (
					"DEBUG=1",
					"$(inherited)",
				);
				GCC_WARN_64_TO_32_BIT_CONVERSION = YES;
				GCC_WARN_ABOUT_RETURN_TYPE = YES_ERROR;
				GCC_WARN_UNDECLARED_SELECTOR = YES;
				GCC_WARN_UNINITIALIZED_AUTOS = YES_AGGRESSIVE;
				GCC_WARN_UNUSED_FUNCTION = YES;
				GCC_WARN_UNUSED_VARIABLE = YES;
				IPHONEOS_DEPLOYMENT_TARGET = 9.0;
				MTL_ENABLE_DEBUG_INFO = YES;
				ONLY_ACTIVE_ARCH = YES;
				SDKROOT = iphoneos;
				SWIFT_OPTIMIZATION_LEVEL = "-Onone";
				TARGETED_DEVICE_FAMILY = "1,2";
			};
			name = Debug;
		};
		0D7ED9F81B4B387700A6C2B0 /* Release */ = {
			isa = XCBuildConfiguration;
			buildSettings = {
				ALWAYS_SEARCH_USER_PATHS = NO;
				CLANG_CXX_LANGUAGE_STANDARD = "gnu++0x";
				CLANG_CXX_LIBRARY = "libc++";
				CLANG_ENABLE_MODULES = YES;
				CLANG_ENABLE_OBJC_ARC = YES;
				CLANG_WARN_BOOL_CONVERSION = YES;
				CLANG_WARN_CONSTANT_CONVERSION = YES;
				CLANG_WARN_DIRECT_OBJC_ISA_USAGE = YES_ERROR;
				CLANG_WARN_EMPTY_BODY = YES;
				CLANG_WARN_ENUM_CONVERSION = YES;
				CLANG_WARN_INT_CONVERSION = YES;
				CLANG_WARN_OBJC_ROOT_CLASS = YES_ERROR;
				CLANG_WARN_UNREACHABLE_CODE = YES;
				CLANG_WARN__DUPLICATE_METHOD_MATCH = YES;
				"CODE_SIGN_IDENTITY[sdk=iphoneos*]" = "iPhone Developer";
				COPY_PHASE_STRIP = NO;
				DEBUG_INFORMATION_FORMAT = "dwarf-with-dsym";
				ENABLE_NS_ASSERTIONS = NO;
				ENABLE_STRICT_OBJC_MSGSEND = YES;
				GCC_C_LANGUAGE_STANDARD = gnu99;
				GCC_NO_COMMON_BLOCKS = YES;
				GCC_WARN_64_TO_32_BIT_CONVERSION = YES;
				GCC_WARN_ABOUT_RETURN_TYPE = YES_ERROR;
				GCC_WARN_UNDECLARED_SELECTOR = YES;
				GCC_WARN_UNINITIALIZED_AUTOS = YES_AGGRESSIVE;
				GCC_WARN_UNUSED_FUNCTION = YES;
				GCC_WARN_UNUSED_VARIABLE = YES;
				IPHONEOS_DEPLOYMENT_TARGET = 9.0;
				MTL_ENABLE_DEBUG_INFO = NO;
				SDKROOT = iphoneos;
				TARGETED_DEVICE_FAMILY = "1,2";
				VALIDATE_PRODUCT = YES;
			};
			name = Release;
		};
		0D7ED9FA1B4B387700A6C2B0 /* Debug */ = {
			isa = XCBuildConfiguration;
			buildSettings = {
				ASSETCATALOG_COMPILER_APPICON_NAME = AppIcon;
				CODE_SIGN_IDENTITY = "iPhone Developer";
				"CODE_SIGN_IDENTITY[sdk=iphoneos*]" = "iPhone Developer";
				INFOPLIST_FILE = Conjure/Info.plist;
				IPHONEOS_DEPLOYMENT_TARGET = 8.4;
				LD_RUNPATH_SEARCH_PATHS = "$(inherited) @executable_path/Frameworks";
				PRODUCT_BUNDLE_IDENTIFIER = com.friendofpixels.ConjureTCG;
				PRODUCT_NAME = "$(TARGET_NAME)";
				PROVISIONING_PROFILE = "";
				SDKROOT = iphoneos9.0;
				TARGETED_DEVICE_FAMILY = 1;
			};
			name = Debug;
		};
		0D7ED9FB1B4B387700A6C2B0 /* Release */ = {
			isa = XCBuildConfiguration;
			buildSettings = {
				ASSETCATALOG_COMPILER_APPICON_NAME = AppIcon;
				CODE_SIGN_IDENTITY = "iPhone Developer";
				"CODE_SIGN_IDENTITY[sdk=iphoneos*]" = "iPhone Developer";
				INFOPLIST_FILE = Conjure/Info.plist;
				IPHONEOS_DEPLOYMENT_TARGET = 8.4;
				LD_RUNPATH_SEARCH_PATHS = "$(inherited) @executable_path/Frameworks";
				PRODUCT_BUNDLE_IDENTIFIER = com.friendofpixels.ConjureTCG;
				PRODUCT_NAME = "$(TARGET_NAME)";
				PROVISIONING_PROFILE = "";
				SDKROOT = iphoneos9.0;
				TARGETED_DEVICE_FAMILY = 1;
			};
			name = Release;
		};
		0D7ED9FD1B4B387700A6C2B0 /* Debug */ = {
			isa = XCBuildConfiguration;
			buildSettings = {
				BUNDLE_LOADER = "$(TEST_HOST)";
				INFOPLIST_FILE = ConjureTests/Info.plist;
				LD_RUNPATH_SEARCH_PATHS = "$(inherited) @executable_path/Frameworks @loader_path/Frameworks";
				PRODUCT_BUNDLE_IDENTIFIER = com.friendofpixels.ConjureTests;
				PRODUCT_NAME = "$(TARGET_NAME)";
				TEST_HOST = "$(BUILT_PRODUCTS_DIR)/Conjure.app/Conjure";
			};
			name = Debug;
		};
		0D7ED9FE1B4B387700A6C2B0 /* Release */ = {
			isa = XCBuildConfiguration;
			buildSettings = {
				BUNDLE_LOADER = "$(TEST_HOST)";
				INFOPLIST_FILE = ConjureTests/Info.plist;
				LD_RUNPATH_SEARCH_PATHS = "$(inherited) @executable_path/Frameworks @loader_path/Frameworks";
				PRODUCT_BUNDLE_IDENTIFIER = com.friendofpixels.ConjureTests;
				PRODUCT_NAME = "$(TARGET_NAME)";
				TEST_HOST = "$(BUILT_PRODUCTS_DIR)/Conjure.app/Conjure";
			};
			name = Release;
		};
		0D7EDA001B4B387700A6C2B0 /* Debug */ = {
			isa = XCBuildConfiguration;
			buildSettings = {
				INFOPLIST_FILE = ConjureUITests/Info.plist;
				LD_RUNPATH_SEARCH_PATHS = "$(inherited) @executable_path/Frameworks @loader_path/Frameworks";
				PRODUCT_BUNDLE_IDENTIFIER = com.friendofpixels.ConjureUITests;
				PRODUCT_NAME = "$(TARGET_NAME)";
				TEST_TARGET_NAME = Conjure;
				USES_XCTRUNNER = YES;
			};
			name = Debug;
		};
		0D7EDA011B4B387700A6C2B0 /* Release */ = {
			isa = XCBuildConfiguration;
			buildSettings = {
				INFOPLIST_FILE = ConjureUITests/Info.plist;
				LD_RUNPATH_SEARCH_PATHS = "$(inherited) @executable_path/Frameworks @loader_path/Frameworks";
				PRODUCT_BUNDLE_IDENTIFIER = com.friendofpixels.ConjureUITests;
				PRODUCT_NAME = "$(TARGET_NAME)";
				TEST_TARGET_NAME = Conjure;
				USES_XCTRUNNER = YES;
			};
			name = Release;
		};
/* End XCBuildConfiguration section */

/* Begin XCConfigurationList section */
		0D7ED9CC1B4B387600A6C2B0 /* Build configuration list for PBXProject "Conjure" */ = {
			isa = XCConfigurationList;
			buildConfigurations = (
				0D7ED9F71B4B387700A6C2B0 /* Debug */,
				0D7ED9F81B4B387700A6C2B0 /* Release */,
			);
			defaultConfigurationIsVisible = 0;
			defaultConfigurationName = Release;
		};
		0D7ED9F91B4B387700A6C2B0 /* Build configuration list for PBXNativeTarget "Conjure" */ = {
			isa = XCConfigurationList;
			buildConfigurations = (
				0D7ED9FA1B4B387700A6C2B0 /* Debug */,
				0D7ED9FB1B4B387700A6C2B0 /* Release */,
			);
			defaultConfigurationIsVisible = 0;
			defaultConfigurationName = Release;
		};
		0D7ED9FC1B4B387700A6C2B0 /* Build configuration list for PBXNativeTarget "ConjureTests" */ = {
			isa = XCConfigurationList;
			buildConfigurations = (
				0D7ED9FD1B4B387700A6C2B0 /* Debug */,
				0D7ED9FE1B4B387700A6C2B0 /* Release */,
			);
			defaultConfigurationIsVisible = 0;
			defaultConfigurationName = Release;
		};
		0D7ED9FF1B4B387700A6C2B0 /* Build configuration list for PBXNativeTarget "ConjureUITests" */ = {
			isa = XCConfigurationList;
			buildConfigurations = (
				0D7EDA001B4B387700A6C2B0 /* Debug */,
				0D7EDA011B4B387700A6C2B0 /* Release */,
			);
			defaultConfigurationIsVisible = 0;
			defaultConfigurationName = Release;
		};
/* End XCConfigurationList section */
	};
	rootObject = 0D7ED9C91B4B387600A6C2B0 /* Project object */;
}
